// !$*UTF8*$!
{
	archiveVersion = 1;
	classes = {
	};
	objectVersion = 46;
	objects = {

/* Begin PBXBuildFile section */
		19D32A9B192CC7C300C5FB2D /* Foundation.framework in Frameworks */ = {isa = PBXBuildFile; fileRef = 19D32A9A192CC7C300C5FB2D /* Foundation.framework */; };
		19D32A9D192CC7C300C5FB2D /* CoreGraphics.framework in Frameworks */ = {isa = PBXBuildFile; fileRef = 19D32A9C192CC7C300C5FB2D /* CoreGraphics.framework */; };
		19D32A9F192CC7C300C5FB2D /* UIKit.framework in Frameworks */ = {isa = PBXBuildFile; fileRef = 19D32A9E192CC7C300C5FB2D /* UIKit.framework */; };
		19D32AA5192CC7C300C5FB2D /* InfoPlist.strings in Resources */ = {isa = PBXBuildFile; fileRef = 19D32AA3192CC7C300C5FB2D /* InfoPlist.strings */; };
		19D32AA7192CC7C300C5FB2D /* main.m in Sources */ = {isa = PBXBuildFile; fileRef = 19D32AA6192CC7C300C5FB2D /* main.m */; };
		19D32AAB192CC7C300C5FB2D /* KDAppDelegate.m in Sources */ = {isa = PBXBuildFile; fileRef = 19D32AAA192CC7C300C5FB2D /* KDAppDelegate.m */; };
		19D32AAE192CC7C300C5FB2D /* Main.storyboard in Resources */ = {isa = PBXBuildFile; fileRef = 19D32AAC192CC7C300C5FB2D /* Main.storyboard */; };
		19D32AB3192CC7C300C5FB2D /* Images.xcassets in Resources */ = {isa = PBXBuildFile; fileRef = 19D32AB2192CC7C300C5FB2D /* Images.xcassets */; };
		19D32ABA192CC7C300C5FB2D /* XCTest.framework in Frameworks */ = {isa = PBXBuildFile; fileRef = 19D32AB9192CC7C300C5FB2D /* XCTest.framework */; };
		19D32ABB192CC7C300C5FB2D /* Foundation.framework in Frameworks */ = {isa = PBXBuildFile; fileRef = 19D32A9A192CC7C300C5FB2D /* Foundation.framework */; };
		19D32ABC192CC7C300C5FB2D /* UIKit.framework in Frameworks */ = {isa = PBXBuildFile; fileRef = 19D32A9E192CC7C300C5FB2D /* UIKit.framework */; };
		19D32AC4192CC7C300C5FB2D /* InfoPlist.strings in Resources */ = {isa = PBXBuildFile; fileRef = 19D32AC2192CC7C300C5FB2D /* InfoPlist.strings */; };
		19D32AC6192CC7C300C5FB2D /* TableViewChallengeTests.m in Sources */ = {isa = PBXBuildFile; fileRef = 19D32AC5192CC7C300C5FB2D /* TableViewChallengeTests.m */; };
		19D32AD1192CD0D800C5FB2D /* KDTableViewController.m in Sources */ = {isa = PBXBuildFile; fileRef = 19D32AD0192CD0D800C5FB2D /* KDTableViewController.m */; };
/* End PBXBuildFile section */

/* Begin PBXContainerItemProxy section */
		19D32ABD192CC7C300C5FB2D /* PBXContainerItemProxy */ = {
			isa = PBXContainerItemProxy;
			containerPortal = 19D32A8F192CC7C300C5FB2D /* Project object */;
			proxyType = 1;
			remoteGlobalIDString = 19D32A96192CC7C300C5FB2D;
			remoteInfo = TableViewChallenge;
		};
/* End PBXContainerItemProxy section */

/* Begin PBXFileReference section */
		19D32A97192CC7C300C5FB2D /* TableViewChallenge.app */ = {isa = PBXFileReference; explicitFileType = wrapper.application; includeInIndex = 0; path = TableViewChallenge.app; sourceTree = BUILT_PRODUCTS_DIR; };
		19D32A9A192CC7C300C5FB2D /* Foundation.framework */ = {isa = PBXFileReference; lastKnownFileType = wrapper.framework; name = Foundation.framework; path = System/Library/Frameworks/Foundation.framework; sourceTree = SDKROOT; };
		19D32A9C192CC7C300C5FB2D /* CoreGraphics.framework */ = {isa = PBXFileReference; lastKnownFileType = wrapper.framework; name = CoreGraphics.framework; path = System/Library/Frameworks/CoreGraphics.framework; sourceTree = SDKROOT; };
		19D32A9E192CC7C300C5FB2D /* UIKit.framework */ = {isa = PBXFileReference; lastKnownFileType = wrapper.framework; name = UIKit.framework; path = System/Library/Frameworks/UIKit.framework; sourceTree = SDKROOT; };
		19D32AA2192CC7C300C5FB2D /* TableViewChallenge-Info.plist */ = {isa = PBXFileReference; lastKnownFileType = text.plist.xml; path = "TableViewChallenge-Info.plist"; sourceTree = "<group>"; };
		19D32AA4192CC7C300C5FB2D /* en */ = {isa = PBXFileReference; lastKnownFileType = text.plist.strings; name = en; path = en.lproj/InfoPlist.strings; sourceTree = "<group>"; };
		19D32AA6192CC7C300C5FB2D /* main.m */ = {isa = PBXFileReference; lastKnownFileType = sourcecode.c.objc; path = main.m; sourceTree = "<group>"; };
		19D32AA8192CC7C300C5FB2D /* TableViewChallenge-Prefix.pch */ = {isa = PBXFileReference; lastKnownFileType = sourcecode.c.h; path = "TableViewChallenge-Prefix.pch"; sourceTree = "<group>"; };
		19D32AA9192CC7C300C5FB2D /* KDAppDelegate.h */ = {isa = PBXFileReference; lastKnownFileType = sourcecode.c.h; path = KDAppDelegate.h; sourceTree = "<group>"; };
		19D32AAA192CC7C300C5FB2D /* KDAppDelegate.m */ = {isa = PBXFileReference; lastKnownFileType = sourcecode.c.objc; path = KDAppDelegate.m; sourceTree = "<group>"; };
		19D32AAD192CC7C300C5FB2D /* Base */ = {isa = PBXFileReference; lastKnownFileType = file.storyboard; name = Base; path = Base.lproj/Main.storyboard; sourceTree = "<group>"; };
		19D32AB2192CC7C300C5FB2D /* Images.xcassets */ = {isa = PBXFileReference; lastKnownFileType = folder.assetcatalog; path = Images.xcassets; sourceTree = "<group>"; };
		19D32AB8192CC7C300C5FB2D /* TableViewChallengeTests.xctest */ = {isa = PBXFileReference; explicitFileType = wrapper.cfbundle; includeInIndex = 0; path = TableViewChallengeTests.xctest; sourceTree = BUILT_PRODUCTS_DIR; };
		19D32AB9192CC7C300C5FB2D /* XCTest.framework */ = {isa = PBXFileReference; lastKnownFileType = wrapper.framework; name = XCTest.framework; path = Library/Frameworks/XCTest.framework; sourceTree = DEVELOPER_DIR; };
		19D32AC1192CC7C300C5FB2D /* TableViewChallengeTests-Info.plist */ = {isa = PBXFileReference; lastKnownFileType = text.plist.xml; path = "TableViewChallengeTests-Info.plist"; sourceTree = "<group>"; };
		19D32AC3192CC7C300C5FB2D /* en */ = {isa = PBXFileReference; lastKnownFileType = text.plist.strings; name = en; path = en.lproj/InfoPlist.strings; sourceTree = "<group>"; };
		19D32AC5192CC7C300C5FB2D /* TableViewChallengeTests.m */ = {isa = PBXFileReference; lastKnownFileType = sourcecode.c.objc; path = TableViewChallengeTests.m; sourceTree = "<group>"; };
		19D32ACF192CD0D800C5FB2D /* KDTableViewController.h */ = {isa = PBXFileReference; fileEncoding = 4; lastKnownFileType = sourcecode.c.h; name = KDTableViewController.h; path = ../KDTableViewController.h; sourceTree = "<group>"; };
		19D32AD0192CD0D800C5FB2D /* KDTableViewController.m */ = {isa = PBXFileReference; fileEncoding = 4; lastKnownFileType = sourcecode.c.objc; name = KDTableViewController.m; path = ../KDTableViewController.m; sourceTree = "<group>"; };
/* End PBXFileReference section */

/* Begin PBXFrameworksBuildPhase section */
		19D32A94192CC7C300C5FB2D /* Frameworks */ = {
			isa = PBXFrameworksBuildPhase;
			buildActionMask = 2147483647;
			files = (
				19D32A9D192CC7C300C5FB2D /* CoreGraphics.framework in Frameworks */,
				19D32A9F192CC7C300C5FB2D /* UIKit.framework in Frameworks */,
				19D32A9B192CC7C300C5FB2D /* Foundation.framework in Frameworks */,
			);
			runOnlyForDeploymentPostprocessing = 0;
		};
		19D32AB5192CC7C300C5FB2D /* Frameworks */ = {
			isa = PBXFrameworksBuildPhase;
			buildActionMask = 2147483647;
			files = (
				19D32ABA192CC7C300C5FB2D /* XCTest.framework in Frameworks */,
				19D32ABC192CC7C300C5FB2D /* UIKit.framework in Frameworks */,
				19D32ABB192CC7C300C5FB2D /* Foundation.framework in Frameworks */,
			);
			runOnlyForDeploymentPostprocessing = 0;
		};
/* End PBXFrameworksBuildPhase section */

/* Begin PBXGroup section */
		19D32A8E192CC7C300C5FB2D = {
			isa = PBXGroup;
			children = (
				19D32AA0192CC7C300C5FB2D /* TableViewChallenge */,
				19D32ABF192CC7C300C5FB2D /* TableViewChallengeTests */,
				19D32A99192CC7C300C5FB2D /* Frameworks */,
				19D32A98192CC7C300C5FB2D /* Products */,
			);
			sourceTree = "<group>";
		};
		19D32A98192CC7C300C5FB2D /* Products */ = {
			isa = PBXGroup;
			children = (
				19D32A97192CC7C300C5FB2D /* TableViewChallenge.app */,
				19D32AB8192CC7C300C5FB2D /* TableViewChallengeTests.xctest */,
			);
			name = Products;
			sourceTree = "<group>";
		};
		19D32A99192CC7C300C5FB2D /* Frameworks */ = {
			isa = PBXGroup;
			children = (
				19D32A9A192CC7C300C5FB2D /* Foundation.framework */,
				19D32A9C192CC7C300C5FB2D /* CoreGraphics.framework */,
				19D32A9E192CC7C300C5FB2D /* UIKit.framework */,
				19D32AB9192CC7C300C5FB2D /* XCTest.framework */,
			);
			name = Frameworks;
			sourceTree = "<group>";
		};
		19D32AA0192CC7C300C5FB2D /* TableViewChallenge */ = {
			isa = PBXGroup;
			children = (
				19D32ACF192CD0D800C5FB2D /* KDTableViewController.h */,
				19D32AD0192CD0D800C5FB2D /* KDTableViewController.m */,
				19D32AA9192CC7C300C5FB2D /* KDAppDelegate.h */,
				19D32AAA192CC7C300C5FB2D /* KDAppDelegate.m */,
				19D32AAC192CC7C300C5FB2D /* Main.storyboard */,
				19D32AB2192CC7C300C5FB2D /* Images.xcassets */,
				19D32AA1192CC7C300C5FB2D /* Supporting Files */,
			);
			path = TableViewChallenge;
			sourceTree = "<group>";
		};
		19D32AA1192CC7C300C5FB2D /* Supporting Files */ = {
			isa = PBXGroup;
			children = (
				19D32AA2192CC7C300C5FB2D /* TableViewChallenge-Info.plist */,
				19D32AA3192CC7C300C5FB2D /* InfoPlist.strings */,
				19D32AA6192CC7C300C5FB2D /* main.m */,
				19D32AA8192CC7C300C5FB2D /* TableViewChallenge-Prefix.pch */,
			);
			name = "Supporting Files";
			sourceTree = "<group>";
		};
		19D32ABF192CC7C300C5FB2D /* TableViewChallengeTests */ = {
			isa = PBXGroup;
			children = (
				19D32AC5192CC7C300C5FB2D /* TableViewChallengeTests.m */,
				19D32AC0192CC7C300C5FB2D /* Supporting Files */,
			);
			path = TableViewChallengeTests;
			sourceTree = "<group>";
		};
		19D32AC0192CC7C300C5FB2D /* Supporting Files */ = {
			isa = PBXGroup;
			children = (
				19D32AC1192CC7C300C5FB2D /* TableViewChallengeTests-Info.plist */,
				19D32AC2192CC7C300C5FB2D /* InfoPlist.strings */,
			);
			name = "Supporting Files";
			sourceTree = "<group>";
		};
/* End PBXGroup section */

/* Begin PBXNativeTarget section */
		19D32A96192CC7C300C5FB2D /* TableViewChallenge */ = {
			isa = PBXNativeTarget;
			buildConfigurationList = 19D32AC9192CC7C300C5FB2D /* Build configuration list for PBXNativeTarget "TableViewChallenge" */;
			buildPhases = (
				19D32A93192CC7C300C5FB2D /* Sources */,
				19D32A94192CC7C300C5FB2D /* Frameworks */,
				19D32A95192CC7C300C5FB2D /* Resources */,
			);
			buildRules = (
			);
			dependencies = (
			);
			name = TableViewChallenge;
			productName = TableViewChallenge;
			productReference = 19D32A97192CC7C300C5FB2D /* TableViewChallenge.app */;
			productType = "com.apple.product-type.application";
		};
		19D32AB7192CC7C300C5FB2D /* TableViewChallengeTests */ = {
			isa = PBXNativeTarget;
			buildConfigurationList = 19D32ACC192CC7C300C5FB2D /* Build configuration list for PBXNativeTarget "TableViewChallengeTests" */;
			buildPhases = (
				19D32AB4192CC7C300C5FB2D /* Sources */,
				19D32AB5192CC7C300C5FB2D /* Frameworks */,
				19D32AB6192CC7C300C5FB2D /* Resources */,
			);
			buildRules = (
			);
			dependencies = (
				19D32ABE192CC7C300C5FB2D /* PBXTargetDependency */,
			);
			name = TableViewChallengeTests;
			productName = TableViewChallengeTests;
			productReference = 19D32AB8192CC7C300C5FB2D /* TableViewChallengeTests.xctest */;
			productType = "com.apple.product-type.bundle.unit-test";
		};
/* End PBXNativeTarget section */

/* Begin PBXProject section */
		19D32A8F192CC7C300C5FB2D /* Project object */ = {
			isa = PBXProject;
			attributes = {
				CLASSPREFIX = KD;
				LastUpgradeCheck = 0510;
				ORGANIZATIONNAME = KeVDuDe;
				TargetAttributes = {
					19D32AB7192CC7C300C5FB2D = {
						TestTargetID = 19D32A96192CC7C300C5FB2D;
					};
				};
			};
			buildConfigurationList = 19D32A92192CC7C300C5FB2D /* Build configuration list for PBXProject "TableViewChallenge" */;
			compatibilityVersion = "Xcode 3.2";
			developmentRegion = English;
			hasScannedForEncodings = 0;
			knownRegions = (
				en,
				Base,
			);
			mainGroup = 19D32A8E192CC7C300C5FB2D;
			productRefGroup = 19D32A98192CC7C300C5FB2D /* Products */;
			projectDirPath = "";
			projectRoot = "";
			targets = (
				19D32A96192CC7C300C5FB2D /* TableViewChallenge */,
				19D32AB7192CC7C300C5FB2D /* TableViewChallengeTests */,
			);
		};
/* End PBXProject section */

/* Begin PBXResourcesBuildPhase section */
		19D32A95192CC7C300C5FB2D /* Resources */ = {
			isa = PBXResourcesBuildPhase;
			buildActionMask = 2147483647;
			files = (
				19D32AB3192CC7C300C5FB2D /* Images.xcassets in Resources */,
				19D32AA5192CC7C300C5FB2D /* InfoPlist.strings in Resources */,
				19D32AAE192CC7C300C5FB2D /* Main.storyboard in Resources */,
			);
			runOnlyForDeploymentPostprocessing = 0;
		};
		19D32AB6192CC7C300C5FB2D /* Resources */ = {
			isa = PBXResourcesBuildPhase;
			buildActionMask = 2147483647;
			files = (
				19D32AC4192CC7C300C5FB2D /* InfoPlist.strings in Resources */,
			);
			runOnlyForDeploymentPostprocessing = 0;
		};
/* End PBXResourcesBuildPhase section */

/* Begin PBXSourcesBuildPhase section */
		19D32A93192CC7C300C5FB2D /* Sources */ = {
			isa = PBXSourcesBuildPhase;
			buildActionMask = 2147483647;
			files = (
				19D32AA7192CC7C300C5FB2D /* main.m in Sources */,
				19D32AAB192CC7C300C5FB2D /* KDAppDelegate.m in Sources */,
				19D32AD1192CD0D800C5FB2D /* KDTableViewController.m in Sources */,
			);
			runOnlyForDeploymentPostprocessing = 0;
		};
		19D32AB4192CC7C300C5FB2D /* Sources */ = {
			isa = PBXSourcesBuildPhase;
			buildActionMask = 2147483647;
			files = (
				19D32AC6192CC7C300C5FB2D /* TableViewChallengeTests.m in Sources */,
			);
			runOnlyForDeploymentPostprocessing = 0;
		};
/* End PBXSourcesBuildPhase section */

/* Begin PBXTargetDependency section */
		19D32ABE192CC7C300C5FB2D /* PBXTargetDependency */ = {
			isa = PBXTargetDependency;
			target = 19D32A96192CC7C300C5FB2D /* TableViewChallenge */;
			targetProxy = 19D32ABD192CC7C300C5FB2D /* PBXContainerItemProxy */;
		};
/* End PBXTargetDependency section */

/* Begin PBXVariantGroup section */
		19D32AA3192CC7C300C5FB2D /* InfoPlist.strings */ = {
			isa = PBXVariantGroup;
			children = (
				19D32AA4192CC7C300C5FB2D /* en */,
			);
			name = InfoPlist.strings;
			sourceTree = "<group>";
		};
		19D32AAC192CC7C300C5FB2D /* Main.storyboard */ = {
			isa = PBXVariantGroup;
			children = (
				19D32AAD192CC7C300C5FB2D /* Base */,
			);
			name = Main.storyboard;
			sourceTree = "<group>";
		};
		19D32AC2192CC7C300C5FB2D /* InfoPlist.strings */ = {
			isa = PBXVariantGroup;
			children = (
				19D32AC3192CC7C300C5FB2D /* en */,
			);
			name = InfoPlist.strings;
			sourceTree = "<group>";
		};
/* End PBXVariantGroup section */

/* Begin XCBuildConfiguration section */
		19D32AC7192CC7C300C5FB2D /* Debug */ = {
			isa = XCBuildConfiguration;
			buildSettings = {
				ALWAYS_SEARCH_USER_PATHS = NO;
				CLANG_CXX_LANGUAGE_STANDARD = "gnu++0x";
				CLANG_CXX_LIBRARY = "libc++";
				CLANG_ENABLE_MODULES = YES;
				CLANG_ENABLE_OBJC_ARC = YES;
				CLANG_WARN_BOOL_CONVERSION = YES;
				CLANG_WARN_CONSTANT_CONVERSION = YES;
				CLANG_WARN_DIRECT_OBJC_ISA_USAGE = YES_ERROR;
				CLANG_WARN_EMPTY_BODY = YES;
				CLANG_WARN_ENUM_CONVERSION = YES;
				CLANG_WARN_INT_CONVERSION = YES;
				CLANG_WARN_OBJC_ROOT_CLASS = YES_ERROR;
				CLANG_WARN__DUPLICATE_METHOD_MATCH = YES;
				"CODE_SIGN_IDENTITY[sdk=iphoneos*]" = "iPhone Developer";
				COPY_PHASE_STRIP = NO;
				GCC_C_LANGUAGE_STANDARD = gnu99;
				GCC_DYNAMIC_NO_PIC = NO;
				GCC_OPTIMIZATION_LEVEL = 0;
				GCC_PREPROCESSOR_DEFINITIONS = (
					"DEBUG=1",
					"$(inherited)",
				);
				GCC_SYMBOLS_PRIVATE_EXTERN = NO;
				GCC_WARN_64_TO_32_BIT_CONVERSION = YES;
				GCC_WARN_ABOUT_RETURN_TYPE = YES_ERROR;
				GCC_WARN_UNDECLARED_SELECTOR = YES;
				GCC_WARN_UNINITIALIZED_AUTOS = YES_AGGRESSIVE;
				GCC_WARN_UNUSED_FUNCTION = YES;
				GCC_WARN_UNUSED_VARIABLE = YES;
				IPHONEOS_DEPLOYMENT_TARGET = 7.1;
				ONLY_ACTIVE_ARCH = YES;
				SDKROOT = iphoneos;
			};
			name = Debug;
		};
		19D32AC8192CC7C300C5FB2D /* Release */ = {
			isa = XCBuildConfiguration;
			buildSettings = {
				ALWAYS_SEARCH_USER_PATHS = NO;
				CLANG_CXX_LANGUAGE_STANDARD = "gnu++0x";
				CLANG_CXX_LIBRARY = "libc++";
				CLANG_ENABLE_MODULES = YES;
				CLANG_ENABLE_OBJC_ARC = YES;
				CLANG_WARN_BOOL_CONVERSION = YES;
				CLANG_WARN_CONSTANT_CONVERSION = YES;
				CLANG_WARN_DIRECT_OBJC_ISA_USAGE = YES_ERROR;
				CLANG_WARN_EMPTY_BODY = YES;
				CLANG_WARN_ENUM_CONVERSION = YES;
				CLANG_WARN_INT_CONVERSION = YES;
				CLANG_WARN_OBJC_ROOT_CLASS = YES_ERROR;
				CLANG_WARN__DUPLICATE_METHOD_MATCH = YES;
				"CODE_SIGN_IDENTITY[sdk=iphoneos*]" = "iPhone Developer";
				COPY_PHASE_STRIP = YES;
				ENABLE_NS_ASSERTIONS = NO;
				GCC_C_LANGUAGE_STANDARD = gnu99;
				GCC_WARN_64_TO_32_BIT_CONVERSION = YES;
				GCC_WARN_ABOUT_RETURN_TYPE = YES_ERROR;
				GCC_WARN_UNDECLARED_SELECTOR = YES;
				GCC_WARN_UNINITIALIZED_AUTOS = YES_AGGRESSIVE;
				GCC_WARN_UNUSED_FUNCTION = YES;
				GCC_WARN_UNUSED_VARIABLE = YES;
				IPHONEOS_DEPLOYMENT_TARGET = 7.1;
				SDKROOT = iphoneos;
				VALIDATE_PRODUCT = YES;
			};
			name = Release;
		};
		19D32ACA192CC7C300C5FB2D /* Debug */ = {
			isa = XCBuildConfiguration;
			buildSettings = {
				ASSETCATALOG_COMPILER_APPICON_NAME = AppIcon;
				ASSETCATALOG_COMPILER_LAUNCHIMAGE_NAME = LaunchImage;
				GCC_PRECOMPILE_PREFIX_HEADER = YES;
				GCC_PREFIX_HEADER = "TableViewChallenge/TableViewChallenge-Prefix.pch";
				INFOPLIST_FILE = "TableViewChallenge/TableViewChallenge-Info.plist";
				PRODUCT_NAME = "$(TARGET_NAME)";
				WRAPPER_EXTENSION = app;
			};
			name = Debug;
		};
		19D32ACB192CC7C300C5FB2D /* Release */ = {
			isa = XCBuildConfiguration;
			buildSettings = {
				ASSETCATALOG_COMPILER_APPICON_NAME = AppIcon;
				ASSETCATALOG_COMPILER_LAUNCHIMAGE_NAME = LaunchImage;
				GCC_PRECOMPILE_PREFIX_HEADER = YES;
				GCC_PREFIX_HEADER = "TableViewChallenge/TableViewChallenge-Prefix.pch";
				INFOPLIST_FILE = "TableViewChallenge/TableViewChallenge-Info.plist";
				PRODUCT_NAME = "$(TARGET_NAME)";
				WRAPPER_EXTENSION = app;
			};
			name = Release;
		};
		19D32ACD192CC7C300C5FB2D /* Debug */ = {
			isa = XCBuildConfiguration;
			buildSettings = {
				BUNDLE_LOADER = "$(BUILT_PRODUCTS_DIR)/TableViewChallenge.app/TableViewChallenge";
				FRAMEWORK_SEARCH_PATHS = (
					"$(SDKROOT)/Developer/Library/Frameworks",
					"$(inherited)",
					"$(DEVELOPER_FRAMEWORKS_DIR)",
				);
				GCC_PRECOMPILE_PREFIX_HEADER = YES;
				GCC_PREFIX_HEADER = "TableViewChallenge/TableViewChallenge-Prefix.pch";
				GCC_PREPROCESSOR_DEFINITIONS = (
					"DEBUG=1",
					"$(inherited)",
				);
				INFOPLIST_FILE = "TableViewChallengeTests/TableViewChallengeTests-Info.plist";
				PRODUCT_NAME = "$(TARGET_NAME)";
				TEST_HOST = "$(BUNDLE_LOADER)";
				WRAPPER_EXTENSION = xctest;
			};
			name = Debug;
		};
		19D32ACE192CC7C300C5FB2D /* Release */ = {
			isa = XCBuildConfiguration;
			buildSettings = {
				BUNDLE_LOADER = "$(BUILT_PRODUCTS_DIR)/TableViewChallenge.app/TableViewChallenge";
				FRAMEWORK_SEARCH_PATHS = (
					"$(SDKROOT)/Developer/Library/Frameworks",
					"$(inherited)",
					"$(DEVELOPER_FRAMEWORKS_DIR)",
				);
				GCC_PRECOMPILE_PREFIX_HEADER = YES;
				GCC_PREFIX_HEADER = "TableViewChallenge/TableViewChallenge-Prefix.pch";
				INFOPLIST_FILE = "TableViewChallengeTests/TableViewChallengeTests-Info.plist";
				PRODUCT_NAME = "$(TARGET_NAME)";
				TEST_HOST = "$(BUNDLE_LOADER)";
				WRAPPER_EXTENSION = xctest;
			};
			name = Release;
		};
/* End XCBuildConfiguration section */

/* Begin XCConfigurationList section */
		19D32A92192CC7C300C5FB2D /* Build configuration list for PBXProject "TableViewChallenge" */ = {
			isa = XCConfigurationList;
			buildConfigurations = (
				19D32AC7192CC7C300C5FB2D /* Debug */,
				19D32AC8192CC7C300C5FB2D /* Release */,
			);
			defaultConfigurationIsVisible = 0;
			defaultConfigurationName = Release;
		};
		19D32AC9192CC7C300C5FB2D /* Build configuration list for PBXNativeTarget "TableViewChallenge" */ = {
			isa = XCConfigurationList;
			buildConfigurations = (
				19D32ACA192CC7C300C5FB2D /* Debug */,
				19D32ACB192CC7C300C5FB2D /* Release */,
			);
			defaultConfigurationIsVisible = 0;
		};
		19D32ACC192CC7C300C5FB2D /* Build configuration list for PBXNativeTarget "TableViewChallengeTests" */ = {
			isa = XCConfigurationList;
			buildConfigurations = (
				19D32ACD192CC7C300C5FB2D /* Debug */,
				19D32ACE192CC7C300C5FB2D /* Release */,
			);
			defaultConfigurationIsVisible = 0;
		};
/* End XCConfigurationList section */
	};
	rootObject = 19D32A8F192CC7C300C5FB2D /* Project object */;
}
